// !$*UTF8*$!
{
	archiveVersion = 1;
	classes = {
	};
	objectVersion = 55;
	objects = {

/* Begin PBXBuildFile section */
		501AD49427CBF4D9003FC58E /* AppDelegate.swift in Sources */ = {isa = PBXBuildFile; fileRef = 501AD49327CBF4D9003FC58E /* AppDelegate.swift */; };
		501AD49627CBF4D9003FC58E /* SceneDelegate.swift in Sources */ = {isa = PBXBuildFile; fileRef = 501AD49527CBF4D9003FC58E /* SceneDelegate.swift */; };
		501AD49827CBF4D9003FC58E /* HomeViewController.swift in Sources */ = {isa = PBXBuildFile; fileRef = 501AD49727CBF4D9003FC58E /* HomeViewController.swift */; };
		501AD49D27CBF4DA003FC58E /* Assets.xcassets in Resources */ = {isa = PBXBuildFile; fileRef = 501AD49C27CBF4DA003FC58E /* Assets.xcassets */; };
		501AD4A027CBF4DA003FC58E /* LaunchScreen.storyboard in Resources */ = {isa = PBXBuildFile; fileRef = 501AD49E27CBF4DA003FC58E /* LaunchScreen.storyboard */; };
		501AD4AE27CC0A3A003FC58E /* TabBarViewController.swift in Sources */ = {isa = PBXBuildFile; fileRef = 501AD4AD27CC0A3A003FC58E /* TabBarViewController.swift */; };
		501AD4B027CC0A69003FC58E /* SearchViewController.swift in Sources */ = {isa = PBXBuildFile; fileRef = 501AD4AF27CC0A69003FC58E /* SearchViewController.swift */; };
		501AD4B227CC0A70003FC58E /* LibraryViewController.swift in Sources */ = {isa = PBXBuildFile; fileRef = 501AD4B127CC0A70003FC58E /* LibraryViewController.swift */; };
		501AD4B627CC0A99003FC58E /* AuthViewController.swift in Sources */ = {isa = PBXBuildFile; fileRef = 501AD4B527CC0A99003FC58E /* AuthViewController.swift */; };
		501AD4B827CC0A9F003FC58E /* WelcomeViewController.swift in Sources */ = {isa = PBXBuildFile; fileRef = 501AD4B727CC0A9F003FC58E /* WelcomeViewController.swift */; };
		501AD4BA27CC0AAA003FC58E /* SettingsViewController.swift in Sources */ = {isa = PBXBuildFile; fileRef = 501AD4B927CC0AAA003FC58E /* SettingsViewController.swift */; };
		501AD4BC27CC0ABA003FC58E /* ProfileViewController.swift in Sources */ = {isa = PBXBuildFile; fileRef = 501AD4BB27CC0ABA003FC58E /* ProfileViewController.swift */; };
		501AD4BE27CC0ABF003FC58E /* PlayerViewController.swift in Sources */ = {isa = PBXBuildFile; fileRef = 501AD4BD27CC0ABF003FC58E /* PlayerViewController.swift */; };
		501AD4C027CC0AC8003FC58E /* PlaylistViewController.swift in Sources */ = {isa = PBXBuildFile; fileRef = 501AD4BF27CC0AC8003FC58E /* PlaylistViewController.swift */; };
		501AD4C227CC0ADE003FC58E /* SearchResultsViewController.swift in Sources */ = {isa = PBXBuildFile; fileRef = 501AD4C127CC0ADE003FC58E /* SearchResultsViewController.swift */; };
		501AD4C427CC0AF7003FC58E /* AuthManager.swift in Sources */ = {isa = PBXBuildFile; fileRef = 501AD4C327CC0AF7003FC58E /* AuthManager.swift */; };
		501AD4C627CC0B02003FC58E /* APICaller.swift in Sources */ = {isa = PBXBuildFile; fileRef = 501AD4C527CC0B02003FC58E /* APICaller.swift */; };
		501AD4C827CC0B0B003FC58E /* HapticsManager.swift in Sources */ = {isa = PBXBuildFile; fileRef = 501AD4C727CC0B0B003FC58E /* HapticsManager.swift */; };
		501AD4CA27CC0B29003FC58E /* Playlist.swift in Sources */ = {isa = PBXBuildFile; fileRef = 501AD4C927CC0B29003FC58E /* Playlist.swift */; };
		501AD4CC27CC0B32003FC58E /* AudioTrack.swift in Sources */ = {isa = PBXBuildFile; fileRef = 501AD4CB27CC0B32003FC58E /* AudioTrack.swift */; };
		501AD4CE27CC0B39003FC58E /* Artist.swift in Sources */ = {isa = PBXBuildFile; fileRef = 501AD4CD27CC0B39003FC58E /* Artist.swift */; };
		501AD4D027CC0B46003FC58E /* UserProfile.swift in Sources */ = {isa = PBXBuildFile; fileRef = 501AD4CF27CC0B46003FC58E /* UserProfile.swift */; };
/* End PBXBuildFile section */

/* Begin PBXFileReference section */
		501AD49027CBF4D9003FC58E /* SpotifyCloneUIKit.app */ = {isa = PBXFileReference; explicitFileType = wrapper.application; includeInIndex = 0; path = SpotifyCloneUIKit.app; sourceTree = BUILT_PRODUCTS_DIR; };
		501AD49327CBF4D9003FC58E /* AppDelegate.swift */ = {isa = PBXFileReference; lastKnownFileType = sourcecode.swift; path = AppDelegate.swift; sourceTree = "<group>"; };
		501AD49527CBF4D9003FC58E /* SceneDelegate.swift */ = {isa = PBXFileReference; lastKnownFileType = sourcecode.swift; path = SceneDelegate.swift; sourceTree = "<group>"; };
		501AD49727CBF4D9003FC58E /* HomeViewController.swift */ = {isa = PBXFileReference; lastKnownFileType = sourcecode.swift; path = HomeViewController.swift; sourceTree = "<group>"; };
		501AD49C27CBF4DA003FC58E /* Assets.xcassets */ = {isa = PBXFileReference; lastKnownFileType = folder.assetcatalog; path = Assets.xcassets; sourceTree = "<group>"; };
		501AD49F27CBF4DA003FC58E /* Base */ = {isa = PBXFileReference; lastKnownFileType = file.storyboard; name = Base; path = Base.lproj/LaunchScreen.storyboard; sourceTree = "<group>"; };
		501AD4A127CBF4DA003FC58E /* Info.plist */ = {isa = PBXFileReference; lastKnownFileType = text.plist.xml; path = Info.plist; sourceTree = "<group>"; };
		501AD4AD27CC0A3A003FC58E /* TabBarViewController.swift */ = {isa = PBXFileReference; lastKnownFileType = sourcecode.swift; path = TabBarViewController.swift; sourceTree = "<group>"; };
		501AD4AF27CC0A69003FC58E /* SearchViewController.swift */ = {isa = PBXFileReference; lastKnownFileType = sourcecode.swift; path = SearchViewController.swift; sourceTree = "<group>"; };
		501AD4B127CC0A70003FC58E /* LibraryViewController.swift */ = {isa = PBXFileReference; lastKnownFileType = sourcecode.swift; path = LibraryViewController.swift; sourceTree = "<group>"; };
		501AD4B527CC0A99003FC58E /* AuthViewController.swift */ = {isa = PBXFileReference; lastKnownFileType = sourcecode.swift; path = AuthViewController.swift; sourceTree = "<group>"; };
		501AD4B727CC0A9F003FC58E /* WelcomeViewController.swift */ = {isa = PBXFileReference; lastKnownFileType = sourcecode.swift; path = WelcomeViewController.swift; sourceTree = "<group>"; };
		501AD4B927CC0AAA003FC58E /* SettingsViewController.swift */ = {isa = PBXFileReference; lastKnownFileType = sourcecode.swift; path = SettingsViewController.swift; sourceTree = "<group>"; };
		501AD4BB27CC0ABA003FC58E /* ProfileViewController.swift */ = {isa = PBXFileReference; lastKnownFileType = sourcecode.swift; path = ProfileViewController.swift; sourceTree = "<group>"; };
		501AD4BD27CC0ABF003FC58E /* PlayerViewController.swift */ = {isa = PBXFileReference; lastKnownFileType = sourcecode.swift; path = PlayerViewController.swift; sourceTree = "<group>"; };
		501AD4BF27CC0AC8003FC58E /* PlaylistViewController.swift */ = {isa = PBXFileReference; lastKnownFileType = sourcecode.swift; path = PlaylistViewController.swift; sourceTree = "<group>"; };
		501AD4C127CC0ADE003FC58E /* SearchResultsViewController.swift */ = {isa = PBXFileReference; lastKnownFileType = sourcecode.swift; path = SearchResultsViewController.swift; sourceTree = "<group>"; };
		501AD4C327CC0AF7003FC58E /* AuthManager.swift */ = {isa = PBXFileReference; lastKnownFileType = sourcecode.swift; path = AuthManager.swift; sourceTree = "<group>"; };
		501AD4C527CC0B02003FC58E /* APICaller.swift */ = {isa = PBXFileReference; lastKnownFileType = sourcecode.swift; path = APICaller.swift; sourceTree = "<group>"; };
		501AD4C727CC0B0B003FC58E /* HapticsManager.swift */ = {isa = PBXFileReference; lastKnownFileType = sourcecode.swift; path = HapticsManager.swift; sourceTree = "<group>"; };
		501AD4C927CC0B29003FC58E /* Playlist.swift */ = {isa = PBXFileReference; lastKnownFileType = sourcecode.swift; path = Playlist.swift; sourceTree = "<group>"; };
		501AD4CB27CC0B32003FC58E /* AudioTrack.swift */ = {isa = PBXFileReference; lastKnownFileType = sourcecode.swift; path = AudioTrack.swift; sourceTree = "<group>"; };
		501AD4CD27CC0B39003FC58E /* Artist.swift */ = {isa = PBXFileReference; lastKnownFileType = sourcecode.swift; path = Artist.swift; sourceTree = "<group>"; };
		501AD4CF27CC0B46003FC58E /* UserProfile.swift */ = {isa = PBXFileReference; lastKnownFileType = sourcecode.swift; path = UserProfile.swift; sourceTree = "<group>"; };
/* End PBXFileReference section */

/* Begin PBXFrameworksBuildPhase section */
		501AD48D27CBF4D9003FC58E /* Frameworks */ = {
			isa = PBXFrameworksBuildPhase;
			buildActionMask = 2147483647;
			files = (
			);
			runOnlyForDeploymentPostprocessing = 0;
		};
/* End PBXFrameworksBuildPhase section */

/* Begin PBXGroup section */
		501AD48727CBF4D9003FC58E = {
			isa = PBXGroup;
			children = (
				501AD49227CBF4D9003FC58E /* SpotifyCloneUIKit */,
				501AD49127CBF4D9003FC58E /* Products */,
			);
			sourceTree = "<group>";
		};
		501AD49127CBF4D9003FC58E /* Products */ = {
			isa = PBXGroup;
			children = (
				501AD49027CBF4D9003FC58E /* SpotifyCloneUIKit.app */,
			);
			name = Products;
			sourceTree = "<group>";
		};
		501AD49227CBF4D9003FC58E /* SpotifyCloneUIKit */ = {
			isa = PBXGroup;
			children = (
				501AD4AA27CC061D003FC58E /* Resources */,
				501AD4AC27CC062E003FC58E /* Controllers */,
				501AD4AB27CC0624003FC58E /* Managers */,
				501AD4A927CC0610003FC58E /* ViewModels */,
				501AD4A827CC0609003FC58E /* Models */,
				501AD4A727CC0600003FC58E /* Views */,
				501AD4A127CBF4DA003FC58E /* Info.plist */,
			);
			path = SpotifyCloneUIKit;
			sourceTree = "<group>";
		};
		501AD4A727CC0600003FC58E /* Views */ = {
			isa = PBXGroup;
			children = (
				501AD49E27CBF4DA003FC58E /* LaunchScreen.storyboard */,
			);
			path = Views;
			sourceTree = "<group>";
		};
		501AD4A827CC0609003FC58E /* Models */ = {
			isa = PBXGroup;
			children = (
				501AD4C927CC0B29003FC58E /* Playlist.swift */,
				501AD4CB27CC0B32003FC58E /* AudioTrack.swift */,
				501AD4CD27CC0B39003FC58E /* Artist.swift */,
				501AD4CF27CC0B46003FC58E /* UserProfile.swift */,
			);
			path = Models;
			sourceTree = "<group>";
		};
		501AD4A927CC0610003FC58E /* ViewModels */ = {
			isa = PBXGroup;
			children = (
			);
			path = ViewModels;
			sourceTree = "<group>";
		};
		501AD4AA27CC061D003FC58E /* Resources */ = {
			isa = PBXGroup;
			children = (
				501AD49C27CBF4DA003FC58E /* Assets.xcassets */,
				501AD49327CBF4D9003FC58E /* AppDelegate.swift */,
				501AD49527CBF4D9003FC58E /* SceneDelegate.swift */,
			);
			path = Resources;
			sourceTree = "<group>";
		};
		501AD4AB27CC0624003FC58E /* Managers */ = {
			isa = PBXGroup;
			children = (
				501AD4C327CC0AF7003FC58E /* AuthManager.swift */,
				501AD4C527CC0B02003FC58E /* APICaller.swift */,
				501AD4C727CC0B0B003FC58E /* HapticsManager.swift */,
			);
			path = Managers;
			sourceTree = "<group>";
		};
		501AD4AC27CC062E003FC58E /* Controllers */ = {
			isa = PBXGroup;
			children = (
				501AD4B427CC0A85003FC58E /* Other */,
				501AD4B327CC0A80003FC58E /* Core */,
			);
			path = Controllers;
			sourceTree = "<group>";
		};
		501AD4B327CC0A80003FC58E /* Core */ = {
			isa = PBXGroup;
			children = (
				501AD4AD27CC0A3A003FC58E /* TabBarViewController.swift */,
				501AD49727CBF4D9003FC58E /* HomeViewController.swift */,
				501AD4AF27CC0A69003FC58E /* SearchViewController.swift */,
				501AD4B127CC0A70003FC58E /* LibraryViewController.swift */,
			);
			path = Core;
			sourceTree = "<group>";
		};
		501AD4B427CC0A85003FC58E /* Other */ = {
			isa = PBXGroup;
			children = (
				501AD4B527CC0A99003FC58E /* AuthViewController.swift */,
				501AD4B727CC0A9F003FC58E /* WelcomeViewController.swift */,
				501AD4B927CC0AAA003FC58E /* SettingsViewController.swift */,
				501AD4BB27CC0ABA003FC58E /* ProfileViewController.swift */,
				501AD4BD27CC0ABF003FC58E /* PlayerViewController.swift */,
				501AD4BF27CC0AC8003FC58E /* PlaylistViewController.swift */,
				501AD4C127CC0ADE003FC58E /* SearchResultsViewController.swift */,
			);
			path = Other;
			sourceTree = "<group>";
		};
/* End PBXGroup section */

/* Begin PBXNativeTarget section */
		501AD48F27CBF4D9003FC58E /* SpotifyCloneUIKit */ = {
			isa = PBXNativeTarget;
			buildConfigurationList = 501AD4A427CBF4DA003FC58E /* Build configuration list for PBXNativeTarget "SpotifyCloneUIKit" */;
			buildPhases = (
				501AD48C27CBF4D9003FC58E /* Sources */,
				501AD48D27CBF4D9003FC58E /* Frameworks */,
				501AD48E27CBF4D9003FC58E /* Resources */,
			);
			buildRules = (
			);
			dependencies = (
			);
			name = SpotifyCloneUIKit;
			productName = SpotifyCloneUIKit;
			productReference = 501AD49027CBF4D9003FC58E /* SpotifyCloneUIKit.app */;
			productType = "com.apple.product-type.application";
		};
/* End PBXNativeTarget section */

/* Begin PBXProject section */
		501AD48827CBF4D9003FC58E /* Project object */ = {
			isa = PBXProject;
			attributes = {
				BuildIndependentTargetsInParallel = 1;
				LastSwiftUpdateCheck = 1320;
				LastUpgradeCheck = 1320;
				TargetAttributes = {
					501AD48F27CBF4D9003FC58E = {
						CreatedOnToolsVersion = 13.2.1;
					};
				};
			};
			buildConfigurationList = 501AD48B27CBF4D9003FC58E /* Build configuration list for PBXProject "SpotifyCloneUIKit" */;
			compatibilityVersion = "Xcode 13.0";
			developmentRegion = en;
			hasScannedForEncodings = 0;
			knownRegions = (
				en,
				Base,
			);
			mainGroup = 501AD48727CBF4D9003FC58E;
			productRefGroup = 501AD49127CBF4D9003FC58E /* Products */;
			projectDirPath = "";
			projectRoot = "";
			targets = (
				501AD48F27CBF4D9003FC58E /* SpotifyCloneUIKit */,
			);
		};
/* End PBXProject section */

/* Begin PBXResourcesBuildPhase section */
		501AD48E27CBF4D9003FC58E /* Resources */ = {
			isa = PBXResourcesBuildPhase;
			buildActionMask = 2147483647;
			files = (
				501AD4A027CBF4DA003FC58E /* LaunchScreen.storyboard in Resources */,
				501AD49D27CBF4DA003FC58E /* Assets.xcassets in Resources */,
			);
			runOnlyForDeploymentPostprocessing = 0;
		};
/* End PBXResourcesBuildPhase section */

/* Begin PBXSourcesBuildPhase section */
		501AD48C27CBF4D9003FC58E /* Sources */ = {
			isa = PBXSourcesBuildPhase;
			buildActionMask = 2147483647;
			files = (
				501AD4B027CC0A69003FC58E /* SearchViewController.swift in Sources */,
				501AD4CA27CC0B29003FC58E /* Playlist.swift in Sources */,
				501AD4C427CC0AF7003FC58E /* AuthManager.swift in Sources */,
				501AD4C227CC0ADE003FC58E /* SearchResultsViewController.swift in Sources */,
				501AD4B827CC0A9F003FC58E /* WelcomeViewController.swift in Sources */,
				501AD4C827CC0B0B003FC58E /* HapticsManager.swift in Sources */,
				501AD4BC27CC0ABA003FC58E /* ProfileViewController.swift in Sources */,
				501AD4AE27CC0A3A003FC58E /* TabBarViewController.swift in Sources */,
				501AD4CC27CC0B32003FC58E /* AudioTrack.swift in Sources */,
				501AD49827CBF4D9003FC58E /* HomeViewController.swift in Sources */,
				501AD4B627CC0A99003FC58E /* AuthViewController.swift in Sources */,
				501AD49427CBF4D9003FC58E /* AppDelegate.swift in Sources */,
				501AD4D027CC0B46003FC58E /* UserProfile.swift in Sources */,
				501AD4B227CC0A70003FC58E /* LibraryViewController.swift in Sources */,
				501AD4CE27CC0B39003FC58E /* Artist.swift in Sources */,
				501AD4C027CC0AC8003FC58E /* PlaylistViewController.swift in Sources */,
				501AD49627CBF4D9003FC58E /* SceneDelegate.swift in Sources */,
				501AD4BE27CC0ABF003FC58E /* PlayerViewController.swift in Sources */,
				501AD4C627CC0B02003FC58E /* APICaller.swift in Sources */,
				501AD4BA27CC0AAA003FC58E /* SettingsViewController.swift in Sources */,
			);
			runOnlyForDeploymentPostprocessing = 0;
		};
/* End PBXSourcesBuildPhase section */

/* Begin PBXVariantGroup section */
		501AD49E27CBF4DA003FC58E /* LaunchScreen.storyboard */ = {
			isa = PBXVariantGroup;
			children = (
				501AD49F27CBF4DA003FC58E /* Base */,
			);
			name = LaunchScreen.storyboard;
			sourceTree = "<group>";
		};
/* End PBXVariantGroup section */

/* Begin XCBuildConfiguration section */
		501AD4A227CBF4DA003FC58E /* Debug */ = {
			isa = XCBuildConfiguration;
			buildSettings = {
				ALWAYS_SEARCH_USER_PATHS = NO;
				CLANG_ANALYZER_NONNULL = YES;
				CLANG_ANALYZER_NUMBER_OBJECT_CONVERSION = YES_AGGRESSIVE;
				CLANG_CXX_LANGUAGE_STANDARD = "gnu++17";
				CLANG_CXX_LIBRARY = "libc++";
				CLANG_ENABLE_MODULES = YES;
				CLANG_ENABLE_OBJC_ARC = YES;
				CLANG_ENABLE_OBJC_WEAK = YES;
				CLANG_WARN_BLOCK_CAPTURE_AUTORELEASING = YES;
				CLANG_WARN_BOOL_CONVERSION = YES;
				CLANG_WARN_COMMA = YES;
				CLANG_WARN_CONSTANT_CONVERSION = YES;
				CLANG_WARN_DEPRECATED_OBJC_IMPLEMENTATIONS = YES;
				CLANG_WARN_DIRECT_OBJC_ISA_USAGE = YES_ERROR;
				CLANG_WARN_DOCUMENTATION_COMMENTS = YES;
				CLANG_WARN_EMPTY_BODY = YES;
				CLANG_WARN_ENUM_CONVERSION = YES;
				CLANG_WARN_INFINITE_RECURSION = YES;
				CLANG_WARN_INT_CONVERSION = YES;
				CLANG_WARN_NON_LITERAL_NULL_CONVERSION = YES;
				CLANG_WARN_OBJC_IMPLICIT_RETAIN_SELF = YES;
				CLANG_WARN_OBJC_LITERAL_CONVERSION = YES;
				CLANG_WARN_OBJC_ROOT_CLASS = YES_ERROR;
				CLANG_WARN_QUOTED_INCLUDE_IN_FRAMEWORK_HEADER = YES;
				CLANG_WARN_RANGE_LOOP_ANALYSIS = YES;
				CLANG_WARN_STRICT_PROTOTYPES = YES;
				CLANG_WARN_SUSPICIOUS_MOVE = YES;
				CLANG_WARN_UNGUARDED_AVAILABILITY = YES_AGGRESSIVE;
				CLANG_WARN_UNREACHABLE_CODE = YES;
				CLANG_WARN__DUPLICATE_METHOD_MATCH = YES;
				COPY_PHASE_STRIP = NO;
				DEBUG_INFORMATION_FORMAT = dwarf;
				ENABLE_STRICT_OBJC_MSGSEND = YES;
				ENABLE_TESTABILITY = YES;
				GCC_C_LANGUAGE_STANDARD = gnu11;
				GCC_DYNAMIC_NO_PIC = NO;
				GCC_NO_COMMON_BLOCKS = YES;
				GCC_OPTIMIZATION_LEVEL = 0;
				GCC_PREPROCESSOR_DEFINITIONS = (
					"DEBUG=1",
					"$(inherited)",
				);
				GCC_WARN_64_TO_32_BIT_CONVERSION = YES;
				GCC_WARN_ABOUT_RETURN_TYPE = YES_ERROR;
				GCC_WARN_UNDECLARED_SELECTOR = YES;
				GCC_WARN_UNINITIALIZED_AUTOS = YES_AGGRESSIVE;
				GCC_WARN_UNUSED_FUNCTION = YES;
				GCC_WARN_UNUSED_VARIABLE = YES;
				IPHONEOS_DEPLOYMENT_TARGET = 15.2;
				MTL_ENABLE_DEBUG_INFO = INCLUDE_SOURCE;
				MTL_FAST_MATH = YES;
				ONLY_ACTIVE_ARCH = YES;
				SDKROOT = iphoneos;
				SWIFT_ACTIVE_COMPILATION_CONDITIONS = DEBUG;
				SWIFT_OPTIMIZATION_LEVEL = "-Onone";
			};
			name = Debug;
		};
		501AD4A327CBF4DA003FC58E /* Release */ = {
			isa = XCBuildConfiguration;
			buildSettings = {
				ALWAYS_SEARCH_USER_PATHS = NO;
				CLANG_ANALYZER_NONNULL = YES;
				CLANG_ANALYZER_NUMBER_OBJECT_CONVERSION = YES_AGGRESSIVE;
				CLANG_CXX_LANGUAGE_STANDARD = "gnu++17";
				CLANG_CXX_LIBRARY = "libc++";
				CLANG_ENABLE_MODULES = YES;
				CLANG_ENABLE_OBJC_ARC = YES;
				CLANG_ENABLE_OBJC_WEAK = YES;
				CLANG_WARN_BLOCK_CAPTURE_AUTORELEASING = YES;
				CLANG_WARN_BOOL_CONVERSION = YES;
				CLANG_WARN_COMMA = YES;
				CLANG_WARN_CONSTANT_CONVERSION = YES;
				CLANG_WARN_DEPRECATED_OBJC_IMPLEMENTATIONS = YES;
				CLANG_WARN_DIRECT_OBJC_ISA_USAGE = YES_ERROR;
				CLANG_WARN_DOCUMENTATION_COMMENTS = YES;
				CLANG_WARN_EMPTY_BODY = YES;
				CLANG_WARN_ENUM_CONVERSION = YES;
				CLANG_WARN_INFINITE_RECURSION = YES;
				CLANG_WARN_INT_CONVERSION = YES;
				CLANG_WARN_NON_LITERAL_NULL_CONVERSION = YES;
				CLANG_WARN_OBJC_IMPLICIT_RETAIN_SELF = YES;
				CLANG_WARN_OBJC_LITERAL_CONVERSION = YES;
				CLANG_WARN_OBJC_ROOT_CLASS = YES_ERROR;
				CLANG_WARN_QUOTED_INCLUDE_IN_FRAMEWORK_HEADER = YES;
				CLANG_WARN_RANGE_LOOP_ANALYSIS = YES;
				CLANG_WARN_STRICT_PROTOTYPES = YES;
				CLANG_WARN_SUSPICIOUS_MOVE = YES;
				CLANG_WARN_UNGUARDED_AVAILABILITY = YES_AGGRESSIVE;
				CLANG_WARN_UNREACHABLE_CODE = YES;
				CLANG_WARN__DUPLICATE_METHOD_MATCH = YES;
				COPY_PHASE_STRIP = NO;
				DEBUG_INFORMATION_FORMAT = "dwarf-with-dsym";
				ENABLE_NS_ASSERTIONS = NO;
				ENABLE_STRICT_OBJC_MSGSEND = YES;
				GCC_C_LANGUAGE_STANDARD = gnu11;
				GCC_NO_COMMON_BLOCKS = YES;
				GCC_WARN_64_TO_32_BIT_CONVERSION = YES;
				GCC_WARN_ABOUT_RETURN_TYPE = YES_ERROR;
				GCC_WARN_UNDECLARED_SELECTOR = YES;
				GCC_WARN_UNINITIALIZED_AUTOS = YES_AGGRESSIVE;
				GCC_WARN_UNUSED_FUNCTION = YES;
				GCC_WARN_UNUSED_VARIABLE = YES;
				IPHONEOS_DEPLOYMENT_TARGET = 15.2;
				MTL_ENABLE_DEBUG_INFO = NO;
				MTL_FAST_MATH = YES;
				SDKROOT = iphoneos;
				SWIFT_COMPILATION_MODE = wholemodule;
				SWIFT_OPTIMIZATION_LEVEL = "-O";
				VALIDATE_PRODUCT = YES;
			};
			name = Release;
		};
		501AD4A527CBF4DA003FC58E /* Debug */ = {
			isa = XCBuildConfiguration;
			buildSettings = {
				ASSETCATALOG_COMPILER_APPICON_NAME = AppIcon;
				ASSETCATALOG_COMPILER_GLOBAL_ACCENT_COLOR_NAME = AccentColor;
				CODE_SIGN_STYLE = Automatic;
				CURRENT_PROJECT_VERSION = 1;
				DEVELOPMENT_TEAM = C5L746M7FW;
				GENERATE_INFOPLIST_FILE = YES;
				INFOPLIST_FILE = SpotifyCloneUIKit/Info.plist;
				INFOPLIST_KEY_UIApplicationSupportsIndirectInputEvents = YES;
				INFOPLIST_KEY_UILaunchStoryboardName = LaunchScreen;
				INFOPLIST_KEY_UISupportedInterfaceOrientations_iPad = "UIInterfaceOrientationPortrait UIInterfaceOrientationPortraitUpsideDown UIInterfaceOrientationLandscapeLeft UIInterfaceOrientationLandscapeRight";
				INFOPLIST_KEY_UISupportedInterfaceOrientations_iPhone = "UIInterfaceOrientationPortrait UIInterfaceOrientationLandscapeLeft UIInterfaceOrientationLandscapeRight";
				LD_RUNPATH_SEARCH_PATHS = (
					"$(inherited)",
					"@executable_path/Frameworks",
				);
				MARKETING_VERSION = 1.0;
				PRODUCT_BUNDLE_IDENTIFIER = itsmaxpark.SpotifyCloneUIKit;
				PRODUCT_NAME = "$(TARGET_NAME)";
				SWIFT_EMIT_LOC_STRINGS = YES;
				SWIFT_VERSION = 5.0;
				TARGETED_DEVICE_FAMILY = "1,2";
			};
			name = Debug;
		};
		501AD4A627CBF4DA003FC58E /* Release */ = {
			isa = XCBuildConfiguration;
			buildSettings = {
				ASSETCATALOG_COMPILER_APPICON_NAME = AppIcon;
				ASSETCATALOG_COMPILER_GLOBAL_ACCENT_COLOR_NAME = AccentColor;
				CODE_SIGN_STYLE = Automatic;
				CURRENT_PROJECT_VERSION = 1;
				DEVELOPMENT_TEAM = C5L746M7FW;
				GENERATE_INFOPLIST_FILE = YES;
				INFOPLIST_FILE = SpotifyCloneUIKit/Info.plist;
				INFOPLIST_KEY_UIApplicationSupportsIndirectInputEvents = YES;
				INFOPLIST_KEY_UILaunchStoryboardName = LaunchScreen;
				INFOPLIST_KEY_UISupportedInterfaceOrientations_iPad = "UIInterfaceOrientationPortrait UIInterfaceOrientationPortraitUpsideDown UIInterfaceOrientationLandscapeLeft UIInterfaceOrientationLandscapeRight";
				INFOPLIST_KEY_UISupportedInterfaceOrientations_iPhone = "UIInterfaceOrientationPortrait UIInterfaceOrientationLandscapeLeft UIInterfaceOrientationLandscapeRight";
				LD_RUNPATH_SEARCH_PATHS = (
					"$(inherited)",
					"@executable_path/Frameworks",
				);
				MARKETING_VERSION = 1.0;
				PRODUCT_BUNDLE_IDENTIFIER = itsmaxpark.SpotifyCloneUIKit;
				PRODUCT_NAME = "$(TARGET_NAME)";
				SWIFT_EMIT_LOC_STRINGS = YES;
				SWIFT_VERSION = 5.0;
				TARGETED_DEVICE_FAMILY = "1,2";
			};
			name = Release;
		};
/* End XCBuildConfiguration section */

/* Begin XCConfigurationList section */
		501AD48B27CBF4D9003FC58E /* Build configuration list for PBXProject "SpotifyCloneUIKit" */ = {
			isa = XCConfigurationList;
			buildConfigurations = (
				501AD4A227CBF4DA003FC58E /* Debug */,
				501AD4A327CBF4DA003FC58E /* Release */,
			);
			defaultConfigurationIsVisible = 0;
			defaultConfigurationName = Release;
		};
		501AD4A427CBF4DA003FC58E /* Build configuration list for PBXNativeTarget "SpotifyCloneUIKit" */ = {
			isa = XCConfigurationList;
			buildConfigurations = (
				501AD4A527CBF4DA003FC58E /* Debug */,
				501AD4A627CBF4DA003FC58E /* Release */,
			);
			defaultConfigurationIsVisible = 0;
			defaultConfigurationName = Release;
		};
/* End XCConfigurationList section */
	};
	rootObject = 501AD48827CBF4D9003FC58E /* Project object */;
}
